
Microsoft Visual Studio Solution File, Format Version 12.00
# Visual Studio 14
VisualStudioVersion = 14.0.25123.0
MinimumVisualStudioVersion = 10.0.40219.1
Project("{E24C65DC-7377-472B-9ABA-BC803B73C61A}") = "SB-Admin-BS4-Angular-2", "C:\Workspace\Angular2\HK_Forked_SB_Admin\SB-Admin-BS4-Angular-2\", "{AF55D266-DE53-4FE5-9A81-B16C5D62B870}"
	ProjectSection(WebsiteProperties) = preProject
		TargetFrameworkMoniker = ".NETFramework,Version%3Dv4.0"
		Debug.AspNetCompiler.VirtualPath = "/localhost_7563"
		Debug.AspNetCompiler.PhysicalPath = "C:\Workspace\Angular2\HK_Forked_SB_Admin\SB-Admin-BS4-Angular-2\"
		Debug.AspNetCompiler.TargetPath = "PrecompiledWeb\localhost_7563\"
		Debug.AspNetCompiler.Updateable = "true"
		Debug.AspNetCompiler.ForceOverwrite = "true"
		Debug.AspNetCompiler.FixedNames = "false"
		Debug.AspNetCompiler.Debug = "True"
		Release.AspNetCompiler.VirtualPath = "/localhost_7563"
		Release.AspNetCompiler.PhysicalPath = "C:\Workspace\Angular2\HK_Forked_SB_Admin\SB-Admin-BS4-Angular-2\"
		Release.AspNetCompiler.TargetPath = "PrecompiledWeb\localhost_7563\"
		Release.AspNetCompiler.Updateable = "true"
		Release.AspNetCompiler.ForceOverwrite = "true"
		Release.AspNetCompiler.FixedNames = "false"
		Release.AspNetCompiler.Debug = "False"
		VWDPort = "7563"
	EndProjectSection
EndProject
Global
	GlobalSection(SolutionConfigurationPlatforms) = preSolution
		Debug|Any CPU = Debug|Any CPU
	EndGlobalSection
	GlobalSection(ProjectConfigurationPlatforms) = postSolution
		{AF55D266-DE53-4FE5-9A81-B16C5D62B870}.Debug|Any CPU.ActiveCfg = Debug|Any CPU
		{AF55D266-DE53-4FE5-9A81-B16C5D62B870}.Debug|Any CPU.Build.0 = Debug|Any CPU
	EndGlobalSection
	GlobalSection(SolutionProperties) = preSolution
		HideSolutionNode = FALSE
	EndGlobalSection
EndGlobal
